# This file is generated by running "yarn install" inside your project.
# Manual changes might be lost - proceed with caution!

__metadata:
  version: 8
  cacheKey: 10c0

"@protobufjs/aspromise@npm:^1.1.1, @protobufjs/aspromise@npm:^1.1.2":
  version: 1.1.2
  resolution: "@protobufjs/aspromise@npm:1.1.2"
  checksum: 10c0/a83343a468ff5b5ec6bff36fd788a64c839e48a07ff9f4f813564f58caf44d011cd6504ed2147bf34835bd7a7dd2107052af755961c6b098fd8902b4f6500d0f
  languageName: node
  linkType: hard

"@protobufjs/base64@npm:^1.1.2":
  version: 1.1.2
  resolution: "@protobufjs/base64@npm:1.1.2"
  checksum: 10c0/eec925e681081af190b8ee231f9bad3101e189abbc182ff279da6b531e7dbd2a56f1f306f37a80b1be9e00aa2d271690d08dcc5f326f71c9eed8546675c8caf6
  languageName: node
  linkType: hard

"@protobufjs/codegen@npm:^2.0.4":
  version: 2.0.4
  resolution: "@protobufjs/codegen@npm:2.0.4"
  checksum: 10c0/26ae337c5659e41f091606d16465bbcc1df1f37cc1ed462438b1f67be0c1e28dfb2ca9f294f39100c52161aef82edf758c95d6d75650a1ddf31f7ddee1440b43
  languageName: node
  linkType: hard

"@protobufjs/eventemitter@npm:^1.1.0":
  version: 1.1.0
  resolution: "@protobufjs/eventemitter@npm:1.1.0"
  checksum: 10c0/1eb0a75180e5206d1033e4138212a8c7089a3d418c6dfa5a6ce42e593a4ae2e5892c4ef7421f38092badba4040ea6a45f0928869989411001d8c1018ea9a6e70
  languageName: node
  linkType: hard

"@protobufjs/fetch@npm:^1.1.0":
  version: 1.1.0
  resolution: "@protobufjs/fetch@npm:1.1.0"
  dependencies:
    "@protobufjs/aspromise": "npm:^1.1.1"
    "@protobufjs/inquire": "npm:^1.1.0"
  checksum: 10c0/cda6a3dc2d50a182c5865b160f72077aac197046600091dbb005dd0a66db9cce3c5eaed6d470ac8ed49d7bcbeef6ee5f0bc288db5ff9a70cbd003e5909065233
  languageName: node
  linkType: hard

"@protobufjs/float@npm:^1.0.2":
  version: 1.0.2
  resolution: "@protobufjs/float@npm:1.0.2"
  checksum: 10c0/18f2bdede76ffcf0170708af15c9c9db6259b771e6b84c51b06df34a9c339dbbeec267d14ce0bddd20acc142b1d980d983d31434398df7f98eb0c94a0eb79069
  languageName: node
  linkType: hard

"@protobufjs/inquire@npm:^1.1.0":
  version: 1.1.0
  resolution: "@protobufjs/inquire@npm:1.1.0"
  checksum: 10c0/64372482efcba1fb4d166a2664a6395fa978b557803857c9c03500e0ac1013eb4b1aacc9ed851dd5fc22f81583670b4f4431bae186f3373fedcfde863ef5921a
  languageName: node
  linkType: hard

"@protobufjs/path@npm:^1.1.2":
  version: 1.1.2
  resolution: "@protobufjs/path@npm:1.1.2"
  checksum: 10c0/cece0a938e7f5dfd2fa03f8c14f2f1cf8b0d6e13ac7326ff4c96ea311effd5fb7ae0bba754fbf505312af2e38500250c90e68506b97c02360a43793d88a0d8b4
  languageName: node
  linkType: hard

"@protobufjs/pool@npm:^1.1.0":
  version: 1.1.0
  resolution: "@protobufjs/pool@npm:1.1.0"
  checksum: 10c0/eda2718b7f222ac6e6ad36f758a92ef90d26526026a19f4f17f668f45e0306a5bd734def3f48f51f8134ae0978b6262a5c517c08b115a551756d1a3aadfcf038
  languageName: node
  linkType: hard

"@protobufjs/utf8@npm:^1.1.0":
  version: 1.1.0
  resolution: "@protobufjs/utf8@npm:1.1.0"
  checksum: 10c0/a3fe31fe3fa29aa3349e2e04ee13dc170cc6af7c23d92ad49e3eeaf79b9766264544d3da824dba93b7855bd6a2982fb40032ef40693da98a136d835752beb487
  languageName: node
  linkType: hard

"@types/node@npm:>=13.7.0":
  version: 20.11.30
  resolution: "@types/node@npm:20.11.30"
  dependencies:
    undici-types: "npm:~5.26.4"
  checksum: 10c0/867cfaf969c6d8850d8d7304e7ab739898a50ecb1395b61ff2335644f5f48d7a46fbc4a14cee967aed65ec134b61a746edae70d1f32f11321ccf29165e3bc4e6
  languageName: node
  linkType: hard

"crypto@npm:^1.0.1":
  version: 1.0.1
  resolution: "crypto@npm:1.0.1"
  checksum: 10c0/fcf7dbd68ac5415b7fde7d7208fe203038e92e83e8a8fcf6e86ab4771ce3dd026d6967a990ba56b9d1c771378210814d5c90d907d3739fbd1723d552ad6c8ab8
  languageName: node
  linkType: hard

"fs@npm:^0.0.1-security":
  version: 0.0.1-security
  resolution: "fs@npm:0.0.1-security"
  checksum: 10c0/e0c0b585ec6f7483d63d067215d9d6bb2e0dba5912060d32554c8e566a0e22ee65e4c2a2b0567476efbbfb47682554b4711d69cab49950d01f227a3dfa7d671a
  languageName: node
  linkType: hard

"long@npm:^5.0.0":
  version: 5.2.3
  resolution: "long@npm:5.2.3"
  checksum: 10c0/6a0da658f5ef683b90330b1af76f06790c623e148222da9d75b60e266bbf88f803232dd21464575681638894a84091616e7f89557aa087fd14116c0f4e0e43d9
  languageName: node
  linkType: hard

"protobufjs@npm:^7.2.6":
  version: 7.2.6
  resolution: "protobufjs@npm:7.2.6"
  dependencies:
    "@protobufjs/aspromise": "npm:^1.1.2"
    "@protobufjs/base64": "npm:^1.1.2"
    "@protobufjs/codegen": "npm:^2.0.4"
    "@protobufjs/eventemitter": "npm:^1.1.0"
    "@protobufjs/fetch": "npm:^1.1.0"
    "@protobufjs/float": "npm:^1.0.2"
    "@protobufjs/inquire": "npm:^1.1.0"
    "@protobufjs/path": "npm:^1.1.2"
    "@protobufjs/pool": "npm:^1.1.0"
    "@protobufjs/utf8": "npm:^1.1.0"
    "@types/node": "npm:>=13.7.0"
    long: "npm:^5.0.0"
  checksum: 10c0/e164855536a43aa7941c7d95a2342e466f599d2e033ed89c5f5582fb0e3affeec702810091b850f3b700bfd646260b07bb4d8bb94c107cddcecd92de4d1d62fd
  languageName: node
  linkType: hard

"undici-types@npm:~5.26.4":
  version: 5.26.5
  resolution: "undici-types@npm:5.26.5"
  checksum: 10c0/bb673d7876c2d411b6eb6c560e0c571eef4a01c1c19925175d16e3a30c4c428181fb8d7ae802a261f283e4166a0ac435e2f505743aa9e45d893f9a3df017b501
  languageName: node
  linkType: hard

"what@workspace:.":
  version: 0.0.0-use.local
  resolution: "what@workspace:."
  dependencies:
    crypto: "npm:^1.0.1"
    fs: "npm:^0.0.1-security"
    protobufjs: "npm:^7.2.6"
    ws: "npm:^8.16.0"
  languageName: unknown
  linkType: soft

"ws@npm:^8.16.0":
  version: 8.16.0
  resolution: "ws@npm:8.16.0"
  peerDependencies:
    bufferutil: ^4.0.1
    utf-8-validate: ">=5.0.2"
  peerDependenciesMeta:
    bufferutil:
      optional: true
    utf-8-validate:
      optional: true
  checksum: 10c0/a7783bb421c648b1e622b423409cb2a58ac5839521d2f689e84bc9dc41d59379c692dd405b15a997ea1d4c0c2e5314ad707332d0c558f15232d2bc07c0b4618a
  languageName: node
  linkType: hard
